// !$*UTF8*$!
{
	archiveVersion = 1;
	classes = {
	};
	objectVersion = 52;
	objects = {

/* Begin PBXBuildFile section */
		48620E86279C239600A77972 /* Sparkle in Frameworks */ = {isa = PBXBuildFile; productRef = 48620E85279C239600A77972 /* Sparkle */; };
		48E95A4B27A1491E0039B266 /* AppStorageKeys.swift in Sources */ = {isa = PBXBuildFile; fileRef = 48E95A4A27A1491E0039B266 /* AppStorageKeys.swift */; };
		B505404724E1966500A1D56B /* BadgeView.swift in Sources */ = {isa = PBXBuildFile; fileRef = B505404624E1966500A1D56B /* BadgeView.swift */; };
		B510D0822488D145003FAEC0 /* RSSFeedItem.swift in Sources */ = {isa = PBXBuildFile; fileRef = B510D0812488D145003FAEC0 /* RSSFeedItem.swift */; };
		B510D096248A2E8A003FAEC0 /* Calendar+DateComparison.swift in Sources */ = {isa = PBXBuildFile; fileRef = B510D095248A2E8A003FAEC0 /* Calendar+DateComparison.swift */; };
		B510D0B8248A3470003FAEC0 /* CalendarDateComparisonTests.swift in Sources */ = {isa = PBXBuildFile; fileRef = B510D0B7248A3470003FAEC0 /* CalendarDateComparisonTests.swift */; };
		B510D0C2248B756C003FAEC0 /* ToolReleasesCore.framework in Frameworks */ = {isa = PBXBuildFile; fileRef = B5D45A4024544C07007FF637 /* ToolReleasesCore.framework */; };
		B510D0CC248B7930003FAEC0 /* ToolTests.swift in Sources */ = {isa = PBXBuildFile; fileRef = B510D0CB248B7930003FAEC0 /* ToolTests.swift */; };
		B52A520F2412353100DF7F22 /* AppDelegate.swift in Sources */ = {isa = PBXBuildFile; fileRef = B52A520E2412353100DF7F22 /* AppDelegate.swift */; };
		B52A52112412353100DF7F22 /* ContentView.swift in Sources */ = {isa = PBXBuildFile; fileRef = B52A52102412353100DF7F22 /* ContentView.swift */; };
		B52A52132412353400DF7F22 /* Assets.xcassets in Resources */ = {isa = PBXBuildFile; fileRef = B52A52122412353400DF7F22 /* Assets.xcassets */; };
		B52A52162412353500DF7F22 /* Preview Assets.xcassets in Resources */ = {isa = PBXBuildFile; fileRef = B52A52152412353500DF7F22 /* Preview Assets.xcassets */; };
		B52A52192412353500DF7F22 /* Main.storyboard in Resources */ = {isa = PBXBuildFile; fileRef = B52A52172412353500DF7F22 /* Main.storyboard */; };
		B52A5224241239D400DF7F22 /* EventMonitor.swift in Sources */ = {isa = PBXBuildFile; fileRef = B52A5223241239D400DF7F22 /* EventMonitor.swift */; };
		B52A522924123D5F00DF7F22 /* Logger+CustomInitializer.swift in Sources */ = {isa = PBXBuildFile; fileRef = B52A522824123D5F00DF7F22 /* Logger+CustomInitializer.swift */; };
		B52CF74124B71F3A00562D91 /* SearchButton.swift in Sources */ = {isa = PBXBuildFile; fileRef = B52CF74024B71F3A00562D91 /* SearchButton.swift */; };
		B52CF74424B7307100562D91 /* LastRefreshView.swift in Sources */ = {isa = PBXBuildFile; fileRef = B52CF74324B7307100562D91 /* LastRefreshView.swift */; };
		B52FC78D24B8AA2800B98B46 /* KeywordSearchTests.swift in Sources */ = {isa = PBXBuildFile; fileRef = B52FC78C24B8AA2800B98B46 /* KeywordSearchTests.swift */; };
		B52FC78F24B8AAA600B98B46 /* Search.swift in Sources */ = {isa = PBXBuildFile; fileRef = B52FC78E24B8AAA600B98B46 /* Search.swift */; };
		B560170724AB240A0091692A /* AboutView.swift in Sources */ = {isa = PBXBuildFile; fileRef = B560170624AB240A0091692A /* AboutView.swift */; };
		B560170924AB42730091692A /* AboutWindowController.swift in Sources */ = {isa = PBXBuildFile; fileRef = B560170824AB42730091692A /* AboutWindowController.swift */; };
		B5777E79246DA2C8000B4CA9 /* FeedKit in Frameworks */ = {isa = PBXBuildFile; productRef = B5777E78246DA2C8000B4CA9 /* FeedKit */; };
		B593D8AF2490C0F2006E8265 /* PreferencesView.swift in Sources */ = {isa = PBXBuildFile; fileRef = B593D8AE2490C0F2006E8265 /* PreferencesView.swift */; };
		B593D8B22490C1D1006E8265 /* Bundle+Version.swift in Sources */ = {isa = PBXBuildFile; fileRef = B593D8B02490C16C006E8265 /* Bundle+Version.swift */; };
		B594ABB92498B0570042ED1F /* Colors.xcassets in Resources */ = {isa = PBXBuildFile; fileRef = B594ABB82498B0570042ED1F /* Colors.xcassets */; };
		B596D52024A5F73C00A5714A /* Notification+Extension.swift in Sources */ = {isa = PBXBuildFile; fileRef = B596D51F24A5F73C00A5714A /* Notification+Extension.swift */; };
		B5C0581B266761DF00557F9D /* ToolRowViewModel.swift in Sources */ = {isa = PBXBuildFile; fileRef = B5C0581A266761DF00557F9D /* ToolRowViewModel.swift */; };
		B5C0581E2668B1B000557F9D /* FilterTests.swift in Sources */ = {isa = PBXBuildFile; fileRef = B510D0C9248B75C1003FAEC0 /* FilterTests.swift */; };
		B5CBE60E24C5E16C0016CC96 /* Updater.swift in Sources */ = {isa = PBXBuildFile; fileRef = B5CBE60D24C5E16C0016CC96 /* Updater.swift */; };
		B5D45A4424544C08007FF637 /* ToolReleasesCore.h in Headers */ = {isa = PBXBuildFile; fileRef = B5D45A4224544C08007FF637 /* ToolReleasesCore.h */; settings = {ATTRIBUTES = (Public, ); }; };
		B5D45A4724544C08007FF637 /* ToolReleasesCore.framework in Frameworks */ = {isa = PBXBuildFile; fileRef = B5D45A4024544C07007FF637 /* ToolReleasesCore.framework */; };
		B5D45A4824544C08007FF637 /* ToolReleasesCore.framework in Embed Frameworks */ = {isa = PBXBuildFile; fileRef = B5D45A4024544C07007FF637 /* ToolReleasesCore.framework */; settings = {ATTRIBUTES = (CodeSignOnCopy, RemoveHeadersOnCopy, ); }; };
		B5D45A4F245452C0007FF637 /* ToolProvider.swift in Sources */ = {isa = PBXBuildFile; fileRef = B5D45A4E245452C0007FF637 /* ToolProvider.swift */; };
		B5D45A5324545B20007FF637 /* Tool.swift in Sources */ = {isa = PBXBuildFile; fileRef = B5D45A5224545B20007FF637 /* Tool.swift */; };
		B5DE2F93246682270010DA70 /* ToolRowView.swift in Sources */ = {isa = PBXBuildFile; fileRef = B5DE2F92246682270010DA70 /* ToolRowView.swift */; };
		B5E5D137276CE0A700AFAE19 /* LocalNotificationProvider.swift in Sources */ = {isa = PBXBuildFile; fileRef = B5E5D136276CE0A700AFAE19 /* LocalNotificationProvider.swift */; };
		B5E5D139276F685500AFAE19 /* ToolLoader.swift in Sources */ = {isa = PBXBuildFile; fileRef = B5E5D138276F685500AFAE19 /* ToolLoader.swift */; };
		B5E5D13B276F6A1E00AFAE19 /* Logger+CustomInitializer.swift in Sources */ = {isa = PBXBuildFile; fileRef = B5E5D13A276F6A1E00AFAE19 /* Logger+CustomInitializer.swift */; };
		B5E5D13D276F709400AFAE19 /* Bootstrap.swift in Sources */ = {isa = PBXBuildFile; fileRef = B5E5D13C276F709400AFAE19 /* Bootstrap.swift */; };
		B5E5D141276F71FA00AFAE19 /* PopoverController.swift in Sources */ = {isa = PBXBuildFile; fileRef = B5E5D140276F71FA00AFAE19 /* PopoverController.swift */; };
		B5E5D1432770820500AFAE19 /* ToolProviderTests.swift in Sources */ = {isa = PBXBuildFile; fileRef = B5E5D1422770820500AFAE19 /* ToolProviderTests.swift */; };
		B5E5D1452770836700AFAE19 /* Tool+Stubs.swift in Sources */ = {isa = PBXBuildFile; fileRef = B5E5D1442770836700AFAE19 /* Tool+Stubs.swift */; };
		B5E5D1572771BA9000AFAE19 /* DebugView.swift in Sources */ = {isa = PBXBuildFile; fileRef = B5E5D1562771BA9000AFAE19 /* DebugView.swift */; };
		B5E5D1582771BB3600AFAE19 /* ReleaseSimulator.swift in Sources */ = {isa = PBXBuildFile; fileRef = B5E5D1522771B6B900AFAE19 /* ReleaseSimulator.swift */; };
		B5EE21292661576E0070E302 /* ToolSummaryView.swift in Sources */ = {isa = PBXBuildFile; fileRef = B5EE21282661576E0070E302 /* ToolSummaryView.swift */; };
		B5EE212C266157AF0070E302 /* ToolSummaryViewModel.swift in Sources */ = {isa = PBXBuildFile; fileRef = B5EE212B266157AF0070E302 /* ToolSummaryViewModel.swift */; };
		B5F00B1324E545CE00540FCE /* ToolRowViewModelTests.swift in Sources */ = {isa = PBXBuildFile; fileRef = B5F00B1224E545CE00540FCE /* ToolRowViewModelTests.swift */; };
		B5F00B1624E5465F00540FCE /* Tool+Stubs.swift in Sources */ = {isa = PBXBuildFile; fileRef = B5F00B1524E5465F00540FCE /* Tool+Stubs.swift */; };
/* End PBXBuildFile section */

/* Begin PBXContainerItemProxy section */
		B510D0B1248A344D003FAEC0 /* PBXContainerItemProxy */ = {
			isa = PBXContainerItemProxy;
			containerPortal = B52A52032412353100DF7F22 /* Project object */;
			proxyType = 1;
			remoteGlobalIDString = B52A520A2412353100DF7F22;
			remoteInfo = ToolReleases;
		};
		B510D0C3248B756C003FAEC0 /* PBXContainerItemProxy */ = {
			isa = PBXContainerItemProxy;
			containerPortal = B52A52032412353100DF7F22 /* Project object */;
			proxyType = 1;
			remoteGlobalIDString = B5D45A3F24544C07007FF637;
			remoteInfo = ToolReleasesCore;
		};
		B5D45A4524544C08007FF637 /* PBXContainerItemProxy */ = {
			isa = PBXContainerItemProxy;
			containerPortal = B52A52032412353100DF7F22 /* Project object */;
			proxyType = 1;
			remoteGlobalIDString = B5D45A3F24544C07007FF637;
			remoteInfo = ToolReleasesCore;
		};
/* End PBXContainerItemProxy section */

/* Begin PBXCopyFilesBuildPhase section */
		B5D45A4924544C08007FF637 /* Embed Frameworks */ = {
			isa = PBXCopyFilesBuildPhase;
			buildActionMask = 2147483647;
			dstPath = "";
			dstSubfolderSpec = 10;
			files = (
				B5D45A4824544C08007FF637 /* ToolReleasesCore.framework in Embed Frameworks */,
			);
			name = "Embed Frameworks";
			runOnlyForDeploymentPostprocessing = 0;
		};
/* End PBXCopyFilesBuildPhase section */

/* Begin PBXFileReference section */
		48E95A4A27A1491E0039B266 /* AppStorageKeys.swift */ = {isa = PBXFileReference; lastKnownFileType = sourcecode.swift; path = AppStorageKeys.swift; sourceTree = "<group>"; };
		B505404624E1966500A1D56B /* BadgeView.swift */ = {isa = PBXFileReference; lastKnownFileType = sourcecode.swift; path = BadgeView.swift; sourceTree = "<group>"; };
		B510D0812488D145003FAEC0 /* RSSFeedItem.swift */ = {isa = PBXFileReference; lastKnownFileType = sourcecode.swift; path = RSSFeedItem.swift; sourceTree = "<group>"; };
		B510D095248A2E8A003FAEC0 /* Calendar+DateComparison.swift */ = {isa = PBXFileReference; lastKnownFileType = sourcecode.swift; path = "Calendar+DateComparison.swift"; sourceTree = "<group>"; };
		B510D0AC248A344D003FAEC0 /* ToolReleasesTests.xctest */ = {isa = PBXFileReference; explicitFileType = wrapper.cfbundle; includeInIndex = 0; path = ToolReleasesTests.xctest; sourceTree = BUILT_PRODUCTS_DIR; };
		B510D0B7248A3470003FAEC0 /* CalendarDateComparisonTests.swift */ = {isa = PBXFileReference; lastKnownFileType = sourcecode.swift; path = CalendarDateComparisonTests.swift; sourceTree = "<group>"; };
		B510D0BD248B756C003FAEC0 /* ToolReleasesCoreTests.xctest */ = {isa = PBXFileReference; explicitFileType = wrapper.cfbundle; includeInIndex = 0; path = ToolReleasesCoreTests.xctest; sourceTree = BUILT_PRODUCTS_DIR; };
		B510D0C1248B756C003FAEC0 /* Info.plist */ = {isa = PBXFileReference; lastKnownFileType = text.plist.xml; path = Info.plist; sourceTree = "<group>"; };
		B510D0C9248B75C1003FAEC0 /* FilterTests.swift */ = {isa = PBXFileReference; lastKnownFileType = sourcecode.swift; path = FilterTests.swift; sourceTree = "<group>"; };
		B510D0CB248B7930003FAEC0 /* ToolTests.swift */ = {isa = PBXFileReference; lastKnownFileType = sourcecode.swift; path = ToolTests.swift; sourceTree = "<group>"; };
		B52A520B2412353100DF7F22 /* ToolReleases.app */ = {isa = PBXFileReference; explicitFileType = wrapper.application; includeInIndex = 0; path = ToolReleases.app; sourceTree = BUILT_PRODUCTS_DIR; };
		B52A520E2412353100DF7F22 /* AppDelegate.swift */ = {isa = PBXFileReference; lastKnownFileType = sourcecode.swift; path = AppDelegate.swift; sourceTree = "<group>"; };
		B52A52102412353100DF7F22 /* ContentView.swift */ = {isa = PBXFileReference; lastKnownFileType = sourcecode.swift; path = ContentView.swift; sourceTree = "<group>"; };
		B52A52122412353400DF7F22 /* Assets.xcassets */ = {isa = PBXFileReference; lastKnownFileType = folder.assetcatalog; path = Assets.xcassets; sourceTree = "<group>"; };
		B52A52152412353500DF7F22 /* Preview Assets.xcassets */ = {isa = PBXFileReference; lastKnownFileType = folder.assetcatalog; path = "Preview Assets.xcassets"; sourceTree = "<group>"; };
		B52A52182412353500DF7F22 /* Base */ = {isa = PBXFileReference; lastKnownFileType = file.storyboard; name = Base; path = Base.lproj/Main.storyboard; sourceTree = "<group>"; };
		B52A521A2412353500DF7F22 /* Info.plist */ = {isa = PBXFileReference; lastKnownFileType = text.plist.xml; path = Info.plist; sourceTree = "<group>"; };
		B52A521B2412353500DF7F22 /* ToolReleases.entitlements */ = {isa = PBXFileReference; lastKnownFileType = text.plist.entitlements; path = ToolReleases.entitlements; sourceTree = "<group>"; };
		B52A5223241239D400DF7F22 /* EventMonitor.swift */ = {isa = PBXFileReference; lastKnownFileType = sourcecode.swift; path = EventMonitor.swift; sourceTree = "<group>"; };
		B52A522824123D5F00DF7F22 /* Logger+CustomInitializer.swift */ = {isa = PBXFileReference; lastKnownFileType = sourcecode.swift; path = "Logger+CustomInitializer.swift"; sourceTree = "<group>"; };
		B52CF74024B71F3A00562D91 /* SearchButton.swift */ = {isa = PBXFileReference; lastKnownFileType = sourcecode.swift; path = SearchButton.swift; sourceTree = "<group>"; };
		B52CF74324B7307100562D91 /* LastRefreshView.swift */ = {isa = PBXFileReference; lastKnownFileType = sourcecode.swift; path = LastRefreshView.swift; sourceTree = "<group>"; };
		B52FC78C24B8AA2800B98B46 /* KeywordSearchTests.swift */ = {isa = PBXFileReference; lastKnownFileType = sourcecode.swift; path = KeywordSearchTests.swift; sourceTree = "<group>"; };
		B52FC78E24B8AAA600B98B46 /* Search.swift */ = {isa = PBXFileReference; lastKnownFileType = sourcecode.swift; path = Search.swift; sourceTree = "<group>"; };
		B5448AB9255D54A000728F3F /* Release.xcconfig */ = {isa = PBXFileReference; lastKnownFileType = text.xcconfig; path = Release.xcconfig; sourceTree = "<group>"; };
		B5448ACD255D627500728F3F /* README.md */ = {isa = PBXFileReference; lastKnownFileType = net.daringfireball.markdown; path = README.md; sourceTree = "<group>"; };
		B560170624AB240A0091692A /* AboutView.swift */ = {isa = PBXFileReference; lastKnownFileType = sourcecode.swift; path = AboutView.swift; sourceTree = "<group>"; };
		B560170824AB42730091692A /* AboutWindowController.swift */ = {isa = PBXFileReference; lastKnownFileType = sourcecode.swift; path = AboutWindowController.swift; sourceTree = "<group>"; };
		B593D8AE2490C0F2006E8265 /* PreferencesView.swift */ = {isa = PBXFileReference; lastKnownFileType = sourcecode.swift; path = PreferencesView.swift; sourceTree = "<group>"; };
		B593D8B02490C16C006E8265 /* Bundle+Version.swift */ = {isa = PBXFileReference; lastKnownFileType = sourcecode.swift; path = "Bundle+Version.swift"; sourceTree = "<group>"; };
		B594ABB82498B0570042ED1F /* Colors.xcassets */ = {isa = PBXFileReference; lastKnownFileType = folder.assetcatalog; path = Colors.xcassets; sourceTree = "<group>"; };
		B596D51F24A5F73C00A5714A /* Notification+Extension.swift */ = {isa = PBXFileReference; lastKnownFileType = sourcecode.swift; path = "Notification+Extension.swift"; sourceTree = "<group>"; };
		B5C0581A266761DF00557F9D /* ToolRowViewModel.swift */ = {isa = PBXFileReference; lastKnownFileType = sourcecode.swift; path = ToolRowViewModel.swift; sourceTree = "<group>"; };
		B5CBE60D24C5E16C0016CC96 /* Updater.swift */ = {isa = PBXFileReference; lastKnownFileType = sourcecode.swift; path = Updater.swift; sourceTree = "<group>"; };
		B5D45A4024544C07007FF637 /* ToolReleasesCore.framework */ = {isa = PBXFileReference; explicitFileType = wrapper.framework; includeInIndex = 0; path = ToolReleasesCore.framework; sourceTree = BUILT_PRODUCTS_DIR; };
		B5D45A4224544C08007FF637 /* ToolReleasesCore.h */ = {isa = PBXFileReference; lastKnownFileType = sourcecode.c.h; path = ToolReleasesCore.h; sourceTree = "<group>"; };
		B5D45A4324544C08007FF637 /* Info.plist */ = {isa = PBXFileReference; lastKnownFileType = text.plist.xml; path = Info.plist; sourceTree = "<group>"; };
		B5D45A4E245452C0007FF637 /* ToolProvider.swift */ = {isa = PBXFileReference; lastKnownFileType = sourcecode.swift; path = ToolProvider.swift; sourceTree = "<group>"; };
		B5D45A5224545B20007FF637 /* Tool.swift */ = {isa = PBXFileReference; lastKnownFileType = sourcecode.swift; path = Tool.swift; sourceTree = "<group>"; };
		B5DE2F92246682270010DA70 /* ToolRowView.swift */ = {isa = PBXFileReference; lastKnownFileType = sourcecode.swift; path = ToolRowView.swift; sourceTree = "<group>"; };
		B5E13214256E5C6900CB4AEF /* UnitTests.xctestplan */ = {isa = PBXFileReference; lastKnownFileType = text; path = UnitTests.xctestplan; sourceTree = "<group>"; };
		B5E5D136276CE0A700AFAE19 /* LocalNotificationProvider.swift */ = {isa = PBXFileReference; lastKnownFileType = sourcecode.swift; path = LocalNotificationProvider.swift; sourceTree = "<group>"; };
		B5E5D138276F685500AFAE19 /* ToolLoader.swift */ = {isa = PBXFileReference; lastKnownFileType = sourcecode.swift; path = ToolLoader.swift; sourceTree = "<group>"; };
		B5E5D13A276F6A1E00AFAE19 /* Logger+CustomInitializer.swift */ = {isa = PBXFileReference; lastKnownFileType = sourcecode.swift; path = "Logger+CustomInitializer.swift"; sourceTree = "<group>"; };
		B5E5D13C276F709400AFAE19 /* Bootstrap.swift */ = {isa = PBXFileReference; lastKnownFileType = sourcecode.swift; path = Bootstrap.swift; sourceTree = "<group>"; };
		B5E5D140276F71FA00AFAE19 /* PopoverController.swift */ = {isa = PBXFileReference; lastKnownFileType = sourcecode.swift; path = PopoverController.swift; sourceTree = "<group>"; };
		B5E5D1422770820500AFAE19 /* ToolProviderTests.swift */ = {isa = PBXFileReference; lastKnownFileType = sourcecode.swift; path = ToolProviderTests.swift; sourceTree = "<group>"; };
		B5E5D1442770836700AFAE19 /* Tool+Stubs.swift */ = {isa = PBXFileReference; lastKnownFileType = sourcecode.swift; path = "Tool+Stubs.swift"; sourceTree = "<group>"; };
		B5E5D14627708C9200AFAE19 /* Info.plist */ = {isa = PBXFileReference; fileEncoding = 4; lastKnownFileType = text.plist.xml; path = Info.plist; sourceTree = "<group>"; };
		B5E5D1522771B6B900AFAE19 /* ReleaseSimulator.swift */ = {isa = PBXFileReference; lastKnownFileType = sourcecode.swift; path = ReleaseSimulator.swift; sourceTree = "<group>"; };
		B5E5D1562771BA9000AFAE19 /* DebugView.swift */ = {isa = PBXFileReference; lastKnownFileType = sourcecode.swift; path = DebugView.swift; sourceTree = "<group>"; };
		B5EE21282661576E0070E302 /* ToolSummaryView.swift */ = {isa = PBXFileReference; lastKnownFileType = sourcecode.swift; path = ToolSummaryView.swift; sourceTree = "<group>"; };
		B5EE212B266157AF0070E302 /* ToolSummaryViewModel.swift */ = {isa = PBXFileReference; lastKnownFileType = sourcecode.swift; path = ToolSummaryViewModel.swift; sourceTree = "<group>"; };
		B5F00B1224E545CE00540FCE /* ToolRowViewModelTests.swift */ = {isa = PBXFileReference; lastKnownFileType = sourcecode.swift; path = ToolRowViewModelTests.swift; sourceTree = "<group>"; };
		B5F00B1524E5465F00540FCE /* Tool+Stubs.swift */ = {isa = PBXFileReference; lastKnownFileType = sourcecode.swift; path = "Tool+Stubs.swift"; sourceTree = "<group>"; };
/* End PBXFileReference section */

/* Begin PBXFrameworksBuildPhase section */
		B510D0A9248A344D003FAEC0 /* Frameworks */ = {
			isa = PBXFrameworksBuildPhase;
			buildActionMask = 2147483647;
			files = (
			);
			runOnlyForDeploymentPostprocessing = 0;
		};
		B510D0BA248B756C003FAEC0 /* Frameworks */ = {
			isa = PBXFrameworksBuildPhase;
			buildActionMask = 2147483647;
			files = (
				B510D0C2248B756C003FAEC0 /* ToolReleasesCore.framework in Frameworks */,
			);
			runOnlyForDeploymentPostprocessing = 0;
		};
		B52A52082412353100DF7F22 /* Frameworks */ = {
			isa = PBXFrameworksBuildPhase;
			buildActionMask = 2147483647;
			files = (
				B5D45A4724544C08007FF637 /* ToolReleasesCore.framework in Frameworks */,
				48620E86279C239600A77972 /* Sparkle in Frameworks */,
			);
			runOnlyForDeploymentPostprocessing = 0;
		};
		B5D45A3D24544C07007FF637 /* Frameworks */ = {
			isa = PBXFrameworksBuildPhase;
			buildActionMask = 2147483647;
			files = (
				B5777E79246DA2C8000B4CA9 /* FeedKit in Frameworks */,
			);
			runOnlyForDeploymentPostprocessing = 0;
		};
/* End PBXFrameworksBuildPhase section */

/* Begin PBXGroup section */
		B510D07C2488C715003FAEC0 /* Views */ = {
			isa = PBXGroup;
			children = (
				B505404624E1966500A1D56B /* BadgeView.swift */,
			);
			path = Views;
			sourceTree = "<group>";
		};
		B510D07E2488C8D0003FAEC0 /* Utils */ = {
			isa = PBXGroup;
			children = (
				B5E5D13A276F6A1E00AFAE19 /* Logger+CustomInitializer.swift */,
			);
			path = Utils;
			sourceTree = "<group>";
		};
		B510D0AD248A344D003FAEC0 /* ToolReleasesTests */ = {
			isa = PBXGroup;
			children = (
				B510D0B7248A3470003FAEC0 /* CalendarDateComparisonTests.swift */,
				B510D0C9248B75C1003FAEC0 /* FilterTests.swift */,
				B52FC78C24B8AA2800B98B46 /* KeywordSearchTests.swift */,
				B5F00B1224E545CE00540FCE /* ToolRowViewModelTests.swift */,
				B510D0B6248A3460003FAEC0 /* Support */,
			);
			path = ToolReleasesTests;
			sourceTree = "<group>";
		};
		B510D0B6248A3460003FAEC0 /* Support */ = {
			isa = PBXGroup;
			children = (
				B5F00B1524E5465F00540FCE /* Tool+Stubs.swift */,
				B5E5D14627708C9200AFAE19 /* Info.plist */,
			);
			path = Support;
			sourceTree = "<group>";
		};
		B510D0BE248B756C003FAEC0 /* ToolReleasesCoreTests */ = {
			isa = PBXGroup;
			children = (
				B5E5D1422770820500AFAE19 /* ToolProviderTests.swift */,
				B510D0CB248B7930003FAEC0 /* ToolTests.swift */,
				B510D0C8248B7580003FAEC0 /* Support */,
			);
			path = ToolReleasesCoreTests;
			sourceTree = "<group>";
		};
		B510D0C8248B7580003FAEC0 /* Support */ = {
			isa = PBXGroup;
			children = (
				B510D0C1248B756C003FAEC0 /* Info.plist */,
				B5E5D1442770836700AFAE19 /* Tool+Stubs.swift */,
			);
			path = Support;
			sourceTree = "<group>";
		};
		B52A52022412353100DF7F22 = {
			isa = PBXGroup;
			children = (
				B5448AB8255D548400728F3F /* Configuration */,
				B52A520D2412353100DF7F22 /* ToolReleases */,
				B5D45A4124544C07007FF637 /* ToolReleasesCore */,
				B510D0AD248A344D003FAEC0 /* ToolReleasesTests */,
				B510D0BE248B756C003FAEC0 /* ToolReleasesCoreTests */,
				B5E13213256E5C3000CB4AEF /* TestPlans */,
				B52A520C2412353100DF7F22 /* Products */,
				E08DF628250256C93A46F3F4 /* Frameworks */,
			);
			sourceTree = "<group>";
		};
		B52A520C2412353100DF7F22 /* Products */ = {
			isa = PBXGroup;
			children = (
				B52A520B2412353100DF7F22 /* ToolReleases.app */,
				B5D45A4024544C07007FF637 /* ToolReleasesCore.framework */,
				B510D0AC248A344D003FAEC0 /* ToolReleasesTests.xctest */,
				B510D0BD248B756C003FAEC0 /* ToolReleasesCoreTests.xctest */,
			);
			name = Products;
			sourceTree = "<group>";
		};
		B52A520D2412353100DF7F22 /* ToolReleases */ = {
			isa = PBXGroup;
			children = (
				B52A521B2412353500DF7F22 /* ToolReleases.entitlements */,
				B5E5D136276CE0A700AFAE19 /* LocalNotificationProvider.swift */,
				B5E5D140276F71FA00AFAE19 /* PopoverController.swift */,
				B52A52142412353500DF7F22 /* Preview Content */,
				B52A52222412399000DF7F22 /* Resources */,
				B5EE2125266156E50070E302 /* Screens */,
				B5E5D13E276F713300AFAE19 /* Support */,
				B52A5225241239DD00DF7F22 /* Utils */,
				B510D07C2488C715003FAEC0 /* Views */,
			);
			path = ToolReleases;
			sourceTree = "<group>";
		};
		B52A52142412353500DF7F22 /* Preview Content */ = {
			isa = PBXGroup;
			children = (
				B52A52152412353500DF7F22 /* Preview Assets.xcassets */,
			);
			path = "Preview Content";
			sourceTree = "<group>";
		};
		B52A52222412399000DF7F22 /* Resources */ = {
			isa = PBXGroup;
			children = (
				B52A52122412353400DF7F22 /* Assets.xcassets */,
				B594ABB82498B0570042ED1F /* Colors.xcassets */,
			);
			path = Resources;
			sourceTree = "<group>";
		};
		B52A5225241239DD00DF7F22 /* Utils */ = {
			isa = PBXGroup;
			children = (
				B593D8B02490C16C006E8265 /* Bundle+Version.swift */,
				B510D095248A2E8A003FAEC0 /* Calendar+DateComparison.swift */,
				B52A5223241239D400DF7F22 /* EventMonitor.swift */,
				B52A522824123D5F00DF7F22 /* Logger+CustomInitializer.swift */,
				B596D51F24A5F73C00A5714A /* Notification+Extension.swift */,
				B52FC78E24B8AAA600B98B46 /* Search.swift */,
				B5CBE60D24C5E16C0016CC96 /* Updater.swift */,
			);
			path = Utils;
			sourceTree = "<group>";
		};
		B5448AB8255D548400728F3F /* Configuration */ = {
			isa = PBXGroup;
			children = (
				B5448ACD255D627500728F3F /* README.md */,
				B5448AB9255D54A000728F3F /* Release.xcconfig */,
			);
			path = Configuration;
			sourceTree = "<group>";
		};
		B5C05818266760E600557F9D /* Tool Summary */ = {
			isa = PBXGroup;
			children = (
				B52CF74324B7307100562D91 /* LastRefreshView.swift */,
				B52CF74024B71F3A00562D91 /* SearchButton.swift */,
				B5EE21282661576E0070E302 /* ToolSummaryView.swift */,
				B5EE212B266157AF0070E302 /* ToolSummaryViewModel.swift */,
				B5E5D15B2771CA9900AFAE19 /* Rows */,
			);
			path = "Tool Summary";
			sourceTree = "<group>";
		};
		B5C058192667613800557F9D /* About */ = {
			isa = PBXGroup;
			children = (
				B560170624AB240A0091692A /* AboutView.swift */,
				B560170824AB42730091692A /* AboutWindowController.swift */,
			);
			path = About;
			sourceTree = "<group>";
		};
		B5D45A4124544C07007FF637 /* ToolReleasesCore */ = {
			isa = PBXGroup;
			children = (
				B5E5D138276F685500AFAE19 /* ToolLoader.swift */,
				B5D45A4E245452C0007FF637 /* ToolProvider.swift */,
				B5E5D1522771B6B900AFAE19 /* ReleaseSimulator.swift */,
				B5D45A5124545B02007FF637 /* Models */,
				B5D45A4D24544DA5007FF637 /* Support */,
				B510D07E2488C8D0003FAEC0 /* Utils */,
			);
			path = ToolReleasesCore;
			sourceTree = "<group>";
		};
		B5D45A4D24544DA5007FF637 /* Support */ = {
			isa = PBXGroup;
			children = (
				B5D45A4224544C08007FF637 /* ToolReleasesCore.h */,
				B5D45A4324544C08007FF637 /* Info.plist */,
			);
			path = Support;
			sourceTree = "<group>";
		};
		B5D45A5124545B02007FF637 /* Models */ = {
			isa = PBXGroup;
			children = (
				B510D0812488D145003FAEC0 /* RSSFeedItem.swift */,
				B5D45A5224545B20007FF637 /* Tool.swift */,
			);
			path = Models;
			sourceTree = "<group>";
		};
		B5E13213256E5C3000CB4AEF /* TestPlans */ = {
			isa = PBXGroup;
			children = (
				B5E13214256E5C6900CB4AEF /* UnitTests.xctestplan */,
			);
			path = TestPlans;
			sourceTree = "<group>";
		};
		B5E5D13E276F713300AFAE19 /* Support */ = {
			isa = PBXGroup;
			children = (
				B52A521A2412353500DF7F22 /* Info.plist */,
				B52A520E2412353100DF7F22 /* AppDelegate.swift */,
				B5E5D13C276F709400AFAE19 /* Bootstrap.swift */,
				B52A52172412353500DF7F22 /* Main.storyboard */,
				48E95A4A27A1491E0039B266 /* AppStorageKeys.swift */,
			);
			path = Support;
			sourceTree = "<group>";
		};
		B5E5D1592771BE8B00AFAE19 /* Preferences */ = {
			isa = PBXGroup;
			children = (
				B593D8AE2490C0F2006E8265 /* PreferencesView.swift */,
			);
			path = Preferences;
			sourceTree = "<group>";
		};
		B5E5D15A2771C59500AFAE19 /* Debug */ = {
			isa = PBXGroup;
			children = (
				B5E5D1562771BA9000AFAE19 /* DebugView.swift */,
			);
			path = Debug;
			sourceTree = "<group>";
		};
		B5E5D15B2771CA9900AFAE19 /* Rows */ = {
			isa = PBXGroup;
			children = (
				B5DE2F92246682270010DA70 /* ToolRowView.swift */,
				B5C0581A266761DF00557F9D /* ToolRowViewModel.swift */,
			);
			path = Rows;
			sourceTree = "<group>";
		};
		B5EE2125266156E50070E302 /* Screens */ = {
			isa = PBXGroup;
			children = (
				B52A52102412353100DF7F22 /* ContentView.swift */,
				B5C058192667613800557F9D /* About */,
				B5E5D15A2771C59500AFAE19 /* Debug */,
				B5E5D1592771BE8B00AFAE19 /* Preferences */,
				B5C05818266760E600557F9D /* Tool Summary */,
			);
			path = Screens;
			sourceTree = "<group>";
		};
		E08DF628250256C93A46F3F4 /* Frameworks */ = {
			isa = PBXGroup;
			children = (
			);
			name = Frameworks;
			sourceTree = "<group>";
		};
/* End PBXGroup section */

/* Begin PBXHeadersBuildPhase section */
		B5D45A3B24544C07007FF637 /* Headers */ = {
			isa = PBXHeadersBuildPhase;
			buildActionMask = 2147483647;
			files = (
				B5D45A4424544C08007FF637 /* ToolReleasesCore.h in Headers */,
			);
			runOnlyForDeploymentPostprocessing = 0;
		};
/* End PBXHeadersBuildPhase section */

/* Begin PBXNativeTarget section */
		B510D0AB248A344D003FAEC0 /* ToolReleasesTests */ = {
			isa = PBXNativeTarget;
			buildConfigurationList = B510D0B3248A344D003FAEC0 /* Build configuration list for PBXNativeTarget "ToolReleasesTests" */;
			buildPhases = (
				B510D0A8248A344D003FAEC0 /* Sources */,
				B510D0A9248A344D003FAEC0 /* Frameworks */,
				B510D0AA248A344D003FAEC0 /* Resources */,
			);
			buildRules = (
			);
			dependencies = (
				B510D0B2248A344D003FAEC0 /* PBXTargetDependency */,
			);
			name = ToolReleasesTests;
			productName = ToolReleasesTests;
			productReference = B510D0AC248A344D003FAEC0 /* ToolReleasesTests.xctest */;
			productType = "com.apple.product-type.bundle.unit-test";
		};
		B510D0BC248B756C003FAEC0 /* ToolReleasesCoreTests */ = {
			isa = PBXNativeTarget;
			buildConfigurationList = B510D0C7248B756C003FAEC0 /* Build configuration list for PBXNativeTarget "ToolReleasesCoreTests" */;
			buildPhases = (
				B510D0B9248B756C003FAEC0 /* Sources */,
				B510D0BA248B756C003FAEC0 /* Frameworks */,
				B510D0BB248B756C003FAEC0 /* Resources */,
			);
			buildRules = (
			);
			dependencies = (
				B510D0C4248B756C003FAEC0 /* PBXTargetDependency */,
			);
			name = ToolReleasesCoreTests;
			productName = ToolReleasesCoreTests;
			productReference = B510D0BD248B756C003FAEC0 /* ToolReleasesCoreTests.xctest */;
			productType = "com.apple.product-type.bundle.unit-test";
		};
		B52A520A2412353100DF7F22 /* ToolReleases */ = {
			isa = PBXNativeTarget;
			buildConfigurationList = B52A521E2412353500DF7F22 /* Build configuration list for PBXNativeTarget "ToolReleases" */;
			buildPhases = (
				B52A52072412353100DF7F22 /* Sources */,
				B52A52082412353100DF7F22 /* Frameworks */,
				B52A52092412353100DF7F22 /* Resources */,
				B5D45A4924544C08007FF637 /* Embed Frameworks */,
				B5448AC9255D5D3C00728F3F /* Codesign Sparkle framework */,
			);
			buildRules = (
			);
			dependencies = (
				B5D45A4624544C08007FF637 /* PBXTargetDependency */,
			);
			name = ToolReleases;
			packageProductDependencies = (
				48620E85279C239600A77972 /* Sparkle */,
			);
			productName = ToolReleases;
			productReference = B52A520B2412353100DF7F22 /* ToolReleases.app */;
			productType = "com.apple.product-type.application";
		};
		B5D45A3F24544C07007FF637 /* ToolReleasesCore */ = {
			isa = PBXNativeTarget;
			buildConfigurationList = B5D45A4C24544C08007FF637 /* Build configuration list for PBXNativeTarget "ToolReleasesCore" */;
			buildPhases = (
				B5D45A3B24544C07007FF637 /* Headers */,
				B5D45A3C24544C07007FF637 /* Sources */,
				B5D45A3D24544C07007FF637 /* Frameworks */,
				B5D45A3E24544C07007FF637 /* Resources */,
			);
			buildRules = (
			);
			dependencies = (
			);
			name = ToolReleasesCore;
			packageProductDependencies = (
				B5777E78246DA2C8000B4CA9 /* FeedKit */,
			);
			productName = ToolReleasesCore;
			productReference = B5D45A4024544C07007FF637 /* ToolReleasesCore.framework */;
			productType = "com.apple.product-type.framework";
		};
/* End PBXNativeTarget section */

/* Begin PBXProject section */
		B52A52032412353100DF7F22 /* Project object */ = {
			isa = PBXProject;
			attributes = {
				LastSwiftUpdateCheck = 1140;
				LastUpgradeCheck = 1210;
				ORGANIZATIONNAME = "Maris Lagzdins";
				TargetAttributes = {
					B510D0AB248A344D003FAEC0 = {
						CreatedOnToolsVersion = 11.4;
						TestTargetID = B52A520A2412353100DF7F22;
					};
					B510D0BC248B756C003FAEC0 = {
						CreatedOnToolsVersion = 11.4;
					};
					B52A520A2412353100DF7F22 = {
						CreatedOnToolsVersion = 11.3.1;
					};
					B5D45A3F24544C07007FF637 = {
						CreatedOnToolsVersion = 11.4;
						LastSwiftMigration = 1140;
					};
				};
			};
			buildConfigurationList = B52A52062412353100DF7F22 /* Build configuration list for PBXProject "ToolReleases" */;
			compatibilityVersion = "Xcode 9.3";
			developmentRegion = en;
			hasScannedForEncodings = 0;
			knownRegions = (
				en,
				Base,
			);
			mainGroup = B52A52022412353100DF7F22;
			packageReferences = (
				B5777E77246DA2C8000B4CA9 /* XCRemoteSwiftPackageReference "FeedKit" */,
				B5EE21202660DDBA0070E302 /* XCRemoteSwiftPackageReference "Sparkle" */,
			);
			productRefGroup = B52A520C2412353100DF7F22 /* Products */;
			projectDirPath = "";
			projectRoot = "";
			targets = (
				B52A520A2412353100DF7F22 /* ToolReleases */,
				B5D45A3F24544C07007FF637 /* ToolReleasesCore */,
				B510D0AB248A344D003FAEC0 /* ToolReleasesTests */,
				B510D0BC248B756C003FAEC0 /* ToolReleasesCoreTests */,
			);
		};
/* End PBXProject section */

/* Begin PBXResourcesBuildPhase section */
		B510D0AA248A344D003FAEC0 /* Resources */ = {
			isa = PBXResourcesBuildPhase;
			buildActionMask = 2147483647;
			files = (
			);
			runOnlyForDeploymentPostprocessing = 0;
		};
		B510D0BB248B756C003FAEC0 /* Resources */ = {
			isa = PBXResourcesBuildPhase;
			buildActionMask = 2147483647;
			files = (
			);
			runOnlyForDeploymentPostprocessing = 0;
		};
		B52A52092412353100DF7F22 /* Resources */ = {
			isa = PBXResourcesBuildPhase;
			buildActionMask = 2147483647;
			files = (
				B52A52192412353500DF7F22 /* Main.storyboard in Resources */,
				B594ABB92498B0570042ED1F /* Colors.xcassets in Resources */,
				B52A52162412353500DF7F22 /* Preview Assets.xcassets in Resources */,
				B52A52132412353400DF7F22 /* Assets.xcassets in Resources */,
			);
			runOnlyForDeploymentPostprocessing = 0;
		};
		B5D45A3E24544C07007FF637 /* Resources */ = {
			isa = PBXResourcesBuildPhase;
			buildActionMask = 2147483647;
			files = (
			);
			runOnlyForDeploymentPostprocessing = 0;
		};
/* End PBXResourcesBuildPhase section */

/* Begin PBXShellScriptBuildPhase section */
		B5448AC9255D5D3C00728F3F /* Codesign Sparkle framework */ = {
			isa = PBXShellScriptBuildPhase;
			buildActionMask = 8;
			files = (
			);
			inputFileListPaths = (
			);
			inputPaths = (
			);
			name = "Codesign Sparkle framework";
			outputFileListPaths = (
			);
			outputPaths = (
			);
			runOnlyForDeploymentPostprocessing = 1;
			shellPath = /bin/sh;
			shellScript = "# For Apple notarizations, we need to re-sign Sparkle framework\n\nIDENTITY=${EXPANDED_CODE_SIGN_IDENTITY_NAME}\nSPARKLE_ARTIFACT_PATH=\"${PROJECT_TEMP_DIR}/../../../../../../SourcePackages/artifacts/Sparkle\"\nSPARKLE_FRAMEWORK_PATH=\"${SPARKLE_ARTIFACT_PATH}/Sparkle.xcframework/macos-arm64_x86_64\"\n\ncodesign -f -s \"$IDENTITY\" -o runtime \"$SPARKLE_FRAMEWORK_PATH/Sparkle.framework/Versions/B/XPCServices/org.sparkle-project.InstallerLauncher.xpc\"\ncodesign -f -s \"$IDENTITY\" -o runtime --entitlements \"$SPARKLE_ARTIFACT_PATH/Entitlements/org.sparkle-project.Downloader.entitlements\" \"$SPARKLE_FRAMEWORK_PATH/Sparkle.framework/Versions/B/XPCServices/org.sparkle-project.Downloader.xpc\"\n\ncodesign -f -s \"$IDENTITY\" -o runtime \"$SPARKLE_FRAMEWORK_PATH/Sparkle.framework/Versions/B/Autoupdate\"\ncodesign -f -s \"$IDENTITY\" -o runtime \"$SPARKLE_FRAMEWORK_PATH/Sparkle.framework/Versions/B/Updater.app\"\ncodesign -f -s \"$IDENTITY\" -o runtime \"$SPARKLE_FRAMEWORK_PATH/Sparkle.framework\"\n";
		};
/* End PBXShellScriptBuildPhase section */

/* Begin PBXSourcesBuildPhase section */
		B510D0A8248A344D003FAEC0 /* Sources */ = {
			isa = PBXSourcesBuildPhase;
			buildActionMask = 2147483647;
			files = (
				B5C0581E2668B1B000557F9D /* FilterTests.swift in Sources */,
				B5F00B1324E545CE00540FCE /* ToolRowViewModelTests.swift in Sources */,
				B52FC78D24B8AA2800B98B46 /* KeywordSearchTests.swift in Sources */,
				B510D0B8248A3470003FAEC0 /* CalendarDateComparisonTests.swift in Sources */,
				B5F00B1624E5465F00540FCE /* Tool+Stubs.swift in Sources */,
			);
			runOnlyForDeploymentPostprocessing = 0;
		};
		B510D0B9248B756C003FAEC0 /* Sources */ = {
			isa = PBXSourcesBuildPhase;
			buildActionMask = 2147483647;
			files = (
				B5E5D1432770820500AFAE19 /* ToolProviderTests.swift in Sources */,
				B5E5D1452770836700AFAE19 /* Tool+Stubs.swift in Sources */,
				B510D0CC248B7930003FAEC0 /* ToolTests.swift in Sources */,
			);
			runOnlyForDeploymentPostprocessing = 0;
		};
		B52A52072412353100DF7F22 /* Sources */ = {
			isa = PBXSourcesBuildPhase;
			buildActionMask = 2147483647;
			files = (
				B52A5224241239D400DF7F22 /* EventMonitor.swift in Sources */,
				B52FC78F24B8AAA600B98B46 /* Search.swift in Sources */,
				B5C0581B266761DF00557F9D /* ToolRowViewModel.swift in Sources */,
				B5CBE60E24C5E16C0016CC96 /* Updater.swift in Sources */,
				B560170924AB42730091692A /* AboutWindowController.swift in Sources */,
				B52CF74124B71F3A00562D91 /* SearchButton.swift in Sources */,
				B5E5D137276CE0A700AFAE19 /* LocalNotificationProvider.swift in Sources */,
				B560170724AB240A0091692A /* AboutView.swift in Sources */,
				B510D096248A2E8A003FAEC0 /* Calendar+DateComparison.swift in Sources */,
				B5DE2F93246682270010DA70 /* ToolRowView.swift in Sources */,
				B596D52024A5F73C00A5714A /* Notification+Extension.swift in Sources */,
				B5E5D13D276F709400AFAE19 /* Bootstrap.swift in Sources */,
				B5E5D1572771BA9000AFAE19 /* DebugView.swift in Sources */,
				B52A52112412353100DF7F22 /* ContentView.swift in Sources */,
				B52A520F2412353100DF7F22 /* AppDelegate.swift in Sources */,
				B505404724E1966500A1D56B /* BadgeView.swift in Sources */,
				B5E5D141276F71FA00AFAE19 /* PopoverController.swift in Sources */,
				48E95A4B27A1491E0039B266 /* AppStorageKeys.swift in Sources */,
				B5EE212C266157AF0070E302 /* ToolSummaryViewModel.swift in Sources */,
				B52A522924123D5F00DF7F22 /* Logger+CustomInitializer.swift in Sources */,
				B593D8B22490C1D1006E8265 /* Bundle+Version.swift in Sources */,
				B52CF74424B7307100562D91 /* LastRefreshView.swift in Sources */,
				B593D8AF2490C0F2006E8265 /* PreferencesView.swift in Sources */,
				B5EE21292661576E0070E302 /* ToolSummaryView.swift in Sources */,
			);
			runOnlyForDeploymentPostprocessing = 0;
		};
		B5D45A3C24544C07007FF637 /* Sources */ = {
			isa = PBXSourcesBuildPhase;
			buildActionMask = 2147483647;
			files = (
				B5E5D13B276F6A1E00AFAE19 /* Logger+CustomInitializer.swift in Sources */,
				B5D45A4F245452C0007FF637 /* ToolProvider.swift in Sources */,
				B5E5D1582771BB3600AFAE19 /* ReleaseSimulator.swift in Sources */,
				B5E5D139276F685500AFAE19 /* ToolLoader.swift in Sources */,
				B510D0822488D145003FAEC0 /* RSSFeedItem.swift in Sources */,
				B5D45A5324545B20007FF637 /* Tool.swift in Sources */,
			);
			runOnlyForDeploymentPostprocessing = 0;
		};
/* End PBXSourcesBuildPhase section */

/* Begin PBXTargetDependency section */
		B510D0B2248A344D003FAEC0 /* PBXTargetDependency */ = {
			isa = PBXTargetDependency;
			target = B52A520A2412353100DF7F22 /* ToolReleases */;
			targetProxy = B510D0B1248A344D003FAEC0 /* PBXContainerItemProxy */;
		};
		B510D0C4248B756C003FAEC0 /* PBXTargetDependency */ = {
			isa = PBXTargetDependency;
			target = B5D45A3F24544C07007FF637 /* ToolReleasesCore */;
			targetProxy = B510D0C3248B756C003FAEC0 /* PBXContainerItemProxy */;
		};
		B5D45A4624544C08007FF637 /* PBXTargetDependency */ = {
			isa = PBXTargetDependency;
			target = B5D45A3F24544C07007FF637 /* ToolReleasesCore */;
			targetProxy = B5D45A4524544C08007FF637 /* PBXContainerItemProxy */;
		};
/* End PBXTargetDependency section */

/* Begin PBXVariantGroup section */
		B52A52172412353500DF7F22 /* Main.storyboard */ = {
			isa = PBXVariantGroup;
			children = (
				B52A52182412353500DF7F22 /* Base */,
			);
			name = Main.storyboard;
			sourceTree = "<group>";
		};
/* End PBXVariantGroup section */

/* Begin XCBuildConfiguration section */
		B510D0B4248A344D003FAEC0 /* Debug */ = {
			isa = XCBuildConfiguration;
			buildSettings = {
				BUNDLE_LOADER = "$(TEST_HOST)";
				CODE_SIGN_IDENTITY = "Apple Development";
				CODE_SIGN_STYLE = Automatic;
				COMBINE_HIDPI_IMAGES = YES;
				DEVELOPMENT_TEAM = 94EK2XEZUL;
				INFOPLIST_FILE = ToolReleasesTests/Support/Info.plist;
				LD_RUNPATH_SEARCH_PATHS = (
					"$(inherited)",
					"@executable_path/../Frameworks",
					"@loader_path/../Frameworks",
				);
				PRODUCT_BUNDLE_IDENTIFIER = com.developermaris.ToolReleases.Tests;
				PRODUCT_NAME = "$(TARGET_NAME)";
				PROVISIONING_PROFILE_SPECIFIER = "";
				SWIFT_VERSION = 5.0;
				TEST_HOST = "$(BUILT_PRODUCTS_DIR)/ToolReleases.app/Contents/MacOS/ToolReleases";
			};
			name = Debug;
		};
		B510D0B5248A344D003FAEC0 /* Release */ = {
			isa = XCBuildConfiguration;
			buildSettings = {
				BUNDLE_LOADER = "$(TEST_HOST)";
				CODE_SIGN_IDENTITY = "Apple Development";
				CODE_SIGN_STYLE = Automatic;
				COMBINE_HIDPI_IMAGES = YES;
				DEVELOPMENT_TEAM = 94EK2XEZUL;
				INFOPLIST_FILE = ToolReleasesTests/Support/Info.plist;
				LD_RUNPATH_SEARCH_PATHS = (
					"$(inherited)",
					"@executable_path/../Frameworks",
					"@loader_path/../Frameworks",
				);
				PRODUCT_BUNDLE_IDENTIFIER = com.developermaris.ToolReleases.Tests;
				PRODUCT_NAME = "$(TARGET_NAME)";
				PROVISIONING_PROFILE_SPECIFIER = "";
				SWIFT_VERSION = 5.0;
				TEST_HOST = "$(BUILT_PRODUCTS_DIR)/ToolReleases.app/Contents/MacOS/ToolReleases";
			};
			name = Release;
		};
		B510D0C5248B756C003FAEC0 /* Debug */ = {
			isa = XCBuildConfiguration;
			buildSettings = {
				CODE_SIGN_STYLE = Automatic;
				COMBINE_HIDPI_IMAGES = YES;
				DEVELOPMENT_TEAM = "";
				INFOPLIST_FILE = ToolReleasesCoreTests/Support/Info.plist;
				LD_RUNPATH_SEARCH_PATHS = (
					"$(inherited)",
					"@executable_path/../Frameworks",
					"@loader_path/../Frameworks",
				);
				PRODUCT_BUNDLE_IDENTIFIER = com.developermaris.ToolReleases.Core.Tests;
				PRODUCT_NAME = "$(TARGET_NAME)";
				SWIFT_VERSION = 5.0;
			};
			name = Debug;
		};
		B510D0C6248B756C003FAEC0 /* Release */ = {
			isa = XCBuildConfiguration;
			buildSettings = {
				CODE_SIGN_STYLE = Automatic;
				COMBINE_HIDPI_IMAGES = YES;
				DEVELOPMENT_TEAM = "";
				INFOPLIST_FILE = ToolReleasesCoreTests/Support/Info.plist;
				LD_RUNPATH_SEARCH_PATHS = (
					"$(inherited)",
					"@executable_path/../Frameworks",
					"@loader_path/../Frameworks",
				);
				PRODUCT_BUNDLE_IDENTIFIER = com.developermaris.ToolReleases.Core.Tests;
				PRODUCT_NAME = "$(TARGET_NAME)";
				SWIFT_VERSION = 5.0;
			};
			name = Release;
		};
		B52A521C2412353500DF7F22 /* Debug */ = {
			isa = XCBuildConfiguration;
			buildSettings = {
				ALWAYS_SEARCH_USER_PATHS = NO;
				CLANG_ANALYZER_NONNULL = YES;
				CLANG_ANALYZER_NUMBER_OBJECT_CONVERSION = YES_AGGRESSIVE;
				CLANG_CXX_LANGUAGE_STANDARD = "gnu++14";
				CLANG_CXX_LIBRARY = "libc++";
				CLANG_ENABLE_MODULES = YES;
				CLANG_ENABLE_OBJC_ARC = YES;
				CLANG_ENABLE_OBJC_WEAK = YES;
				CLANG_WARN_BLOCK_CAPTURE_AUTORELEASING = YES;
				CLANG_WARN_BOOL_CONVERSION = YES;
				CLANG_WARN_COMMA = YES;
				CLANG_WARN_CONSTANT_CONVERSION = YES;
				CLANG_WARN_DEPRECATED_OBJC_IMPLEMENTATIONS = YES;
				CLANG_WARN_DIRECT_OBJC_ISA_USAGE = YES_ERROR;
				CLANG_WARN_DOCUMENTATION_COMMENTS = YES;
				CLANG_WARN_EMPTY_BODY = YES;
				CLANG_WARN_ENUM_CONVERSION = YES;
				CLANG_WARN_INFINITE_RECURSION = YES;
				CLANG_WARN_INT_CONVERSION = YES;
				CLANG_WARN_NON_LITERAL_NULL_CONVERSION = YES;
				CLANG_WARN_OBJC_IMPLICIT_RETAIN_SELF = YES;
				CLANG_WARN_OBJC_LITERAL_CONVERSION = YES;
				CLANG_WARN_OBJC_ROOT_CLASS = YES_ERROR;
				CLANG_WARN_QUOTED_INCLUDE_IN_FRAMEWORK_HEADER = YES;
				CLANG_WARN_RANGE_LOOP_ANALYSIS = YES;
				CLANG_WARN_STRICT_PROTOTYPES = YES;
				CLANG_WARN_SUSPICIOUS_MOVE = YES;
				CLANG_WARN_UNGUARDED_AVAILABILITY = YES_AGGRESSIVE;
				CLANG_WARN_UNREACHABLE_CODE = YES;
				CLANG_WARN__DUPLICATE_METHOD_MATCH = YES;
				COPY_PHASE_STRIP = NO;
				DEBUG_INFORMATION_FORMAT = dwarf;
				ENABLE_STRICT_OBJC_MSGSEND = YES;
				ENABLE_TESTABILITY = YES;
				GCC_C_LANGUAGE_STANDARD = gnu11;
				GCC_DYNAMIC_NO_PIC = NO;
				GCC_NO_COMMON_BLOCKS = YES;
				GCC_OPTIMIZATION_LEVEL = 0;
				GCC_PREPROCESSOR_DEFINITIONS = (
					"DEBUG=1",
					"$(inherited)",
				);
				GCC_WARN_64_TO_32_BIT_CONVERSION = YES;
				GCC_WARN_ABOUT_RETURN_TYPE = YES_ERROR;
				GCC_WARN_UNDECLARED_SELECTOR = YES;
				GCC_WARN_UNINITIALIZED_AUTOS = YES_AGGRESSIVE;
				GCC_WARN_UNUSED_FUNCTION = YES;
				GCC_WARN_UNUSED_VARIABLE = YES;
				MACOSX_DEPLOYMENT_TARGET = 11.0;
				MTL_ENABLE_DEBUG_INFO = INCLUDE_SOURCE;
				MTL_FAST_MATH = YES;
				ONLY_ACTIVE_ARCH = YES;
				SDKROOT = macosx;
				SWIFT_ACTIVE_COMPILATION_CONDITIONS = DEBUG;
				SWIFT_OPTIMIZATION_LEVEL = "-Onone";
			};
			name = Debug;
		};
		B52A521D2412353500DF7F22 /* Release */ = {
			isa = XCBuildConfiguration;
			buildSettings = {
				ALWAYS_SEARCH_USER_PATHS = NO;
				CLANG_ANALYZER_NONNULL = YES;
				CLANG_ANALYZER_NUMBER_OBJECT_CONVERSION = YES_AGGRESSIVE;
				CLANG_CXX_LANGUAGE_STANDARD = "gnu++14";
				CLANG_CXX_LIBRARY = "libc++";
				CLANG_ENABLE_MODULES = YES;
				CLANG_ENABLE_OBJC_ARC = YES;
				CLANG_ENABLE_OBJC_WEAK = YES;
				CLANG_WARN_BLOCK_CAPTURE_AUTORELEASING = YES;
				CLANG_WARN_BOOL_CONVERSION = YES;
				CLANG_WARN_COMMA = YES;
				CLANG_WARN_CONSTANT_CONVERSION = YES;
				CLANG_WARN_DEPRECATED_OBJC_IMPLEMENTATIONS = YES;
				CLANG_WARN_DIRECT_OBJC_ISA_USAGE = YES_ERROR;
				CLANG_WARN_DOCUMENTATION_COMMENTS = YES;
				CLANG_WARN_EMPTY_BODY = YES;
				CLANG_WARN_ENUM_CONVERSION = YES;
				CLANG_WARN_INFINITE_RECURSION = YES;
				CLANG_WARN_INT_CONVERSION = YES;
				CLANG_WARN_NON_LITERAL_NULL_CONVERSION = YES;
				CLANG_WARN_OBJC_IMPLICIT_RETAIN_SELF = YES;
				CLANG_WARN_OBJC_LITERAL_CONVERSION = YES;
				CLANG_WARN_OBJC_ROOT_CLASS = YES_ERROR;
				CLANG_WARN_QUOTED_INCLUDE_IN_FRAMEWORK_HEADER = YES;
				CLANG_WARN_RANGE_LOOP_ANALYSIS = YES;
				CLANG_WARN_STRICT_PROTOTYPES = YES;
				CLANG_WARN_SUSPICIOUS_MOVE = YES;
				CLANG_WARN_UNGUARDED_AVAILABILITY = YES_AGGRESSIVE;
				CLANG_WARN_UNREACHABLE_CODE = YES;
				CLANG_WARN__DUPLICATE_METHOD_MATCH = YES;
				COPY_PHASE_STRIP = NO;
				DEBUG_INFORMATION_FORMAT = "dwarf-with-dsym";
				ENABLE_NS_ASSERTIONS = NO;
				ENABLE_STRICT_OBJC_MSGSEND = YES;
				GCC_C_LANGUAGE_STANDARD = gnu11;
				GCC_NO_COMMON_BLOCKS = YES;
				GCC_WARN_64_TO_32_BIT_CONVERSION = YES;
				GCC_WARN_ABOUT_RETURN_TYPE = YES_ERROR;
				GCC_WARN_UNDECLARED_SELECTOR = YES;
				GCC_WARN_UNINITIALIZED_AUTOS = YES_AGGRESSIVE;
				GCC_WARN_UNUSED_FUNCTION = YES;
				GCC_WARN_UNUSED_VARIABLE = YES;
				MACOSX_DEPLOYMENT_TARGET = 11.0;
				MTL_ENABLE_DEBUG_INFO = NO;
				MTL_FAST_MATH = YES;
				SDKROOT = macosx;
				SWIFT_COMPILATION_MODE = wholemodule;
				SWIFT_OPTIMIZATION_LEVEL = "-O";
			};
			name = Release;
		};
		B52A521F2412353500DF7F22 /* Debug */ = {
			isa = XCBuildConfiguration;
			buildSettings = {
				ALWAYS_EMBED_SWIFT_STANDARD_LIBRARIES = YES;
				ASSETCATALOG_COMPILER_APPICON_NAME = AppIcon;
				CODE_SIGN_ENTITLEMENTS = ToolReleases/ToolReleases.entitlements;
				CODE_SIGN_IDENTITY = "${CODE_SIGN_IDENTITY}";
				CODE_SIGN_STYLE = Manual;
				COMBINE_HIDPI_IMAGES = YES;
				CURRENT_PROJECT_VERSION = 51;
				DEVELOPMENT_ASSET_PATHS = "\"ToolReleases/Preview Content\"";
				DEVELOPMENT_TEAM = 94EK2XEZUL;
				ENABLE_HARDENED_RUNTIME = YES;
				ENABLE_PREVIEWS = YES;
				INFOPLIST_FILE = ToolReleases/Support/Info.plist;
				LD_RUNPATH_SEARCH_PATHS = (
					"$(inherited)",
					"@executable_path/../Frameworks",
				);
				MARKETING_VERSION = "1.5.0-beta.1";
				PRODUCT_BUNDLE_IDENTIFIER = com.developermaris.ToolReleases;
				PRODUCT_NAME = "$(TARGET_NAME)";
				PROVISIONING_PROFILE_SPECIFIER = "";
				SWIFT_VERSION = 5.0;
				VERSIONING_SYSTEM = "apple-generic";
			};
			name = Debug;
		};
		B52A52202412353500DF7F22 /* Release */ = {
			isa = XCBuildConfiguration;
			baseConfigurationReference = B5448AB9255D54A000728F3F /* Release.xcconfig */;
			buildSettings = {
				ALWAYS_EMBED_SWIFT_STANDARD_LIBRARIES = YES;
				ASSETCATALOG_COMPILER_APPICON_NAME = AppIcon;
				CODE_SIGN_ENTITLEMENTS = ToolReleases/ToolReleases.entitlements;
				CODE_SIGN_IDENTITY = "Developer ID Application";
				CODE_SIGN_STYLE = Manual;
				COMBINE_HIDPI_IMAGES = YES;
				CURRENT_PROJECT_VERSION = 51;
				DEVELOPMENT_ASSET_PATHS = "\"ToolReleases/Preview Content\"";
				DEVELOPMENT_TEAM = 94EK2XEZUL;
				ENABLE_HARDENED_RUNTIME = YES;
				ENABLE_PREVIEWS = YES;
				INFOPLIST_FILE = ToolReleases/Support/Info.plist;
				LD_RUNPATH_SEARCH_PATHS = (
					"$(inherited)",
					"@executable_path/../Frameworks",
				);
				MARKETING_VERSION = "1.5.0-beta.1";
				PRODUCT_BUNDLE_IDENTIFIER = com.developermaris.ToolReleases;
				PRODUCT_NAME = "$(TARGET_NAME)";
				PROVISIONING_PROFILE_SPECIFIER = "";
				SWIFT_VERSION = 5.0;
				VERSIONING_SYSTEM = "apple-generic";
			};
			name = Release;
		};
		B5D45A4A24544C08007FF637 /* Debug */ = {
			isa = XCBuildConfiguration;
			buildSettings = {
				CLANG_ENABLE_MODULES = YES;
				CODE_SIGN_STYLE = Automatic;
				COMBINE_HIDPI_IMAGES = YES;
				DEFINES_MODULE = YES;
				DEVELOPMENT_TEAM = 94EK2XEZUL;
				DYLIB_COMPATIBILITY_VERSION = 1;
				DYLIB_CURRENT_VERSION = 1;
				DYLIB_INSTALL_NAME_BASE = "@rpath";
				INFOPLIST_FILE = ToolReleasesCore/Support/Info.plist;
				INSTALL_PATH = "$(LOCAL_LIBRARY_DIR)/Frameworks";
				LD_RUNPATH_SEARCH_PATHS = (
					"$(inherited)",
					"@executable_path/../Frameworks",
					"@loader_path/Frameworks",
				);
				PRODUCT_BUNDLE_IDENTIFIER = com.developermaris.ToolReleases.Core;
				PRODUCT_NAME = "$(TARGET_NAME:c99extidentifier)";
				SKIP_INSTALL = YES;
				SWIFT_OPTIMIZATION_LEVEL = "-Onone";
				SWIFT_VERSION = 5.0;
				VERSION_INFO_PREFIX = "";
			};
			name = Debug;
		};
		B5D45A4B24544C08007FF637 /* Release */ = {
			isa = XCBuildConfiguration;
			buildSettings = {
				CLANG_ENABLE_MODULES = YES;
				CODE_SIGN_STYLE = Automatic;
				COMBINE_HIDPI_IMAGES = YES;
				DEFINES_MODULE = YES;
				DEVELOPMENT_TEAM = 94EK2XEZUL;
				DYLIB_COMPATIBILITY_VERSION = 1;
				DYLIB_CURRENT_VERSION = 1;
				DYLIB_INSTALL_NAME_BASE = "@rpath";
				INFOPLIST_FILE = ToolReleasesCore/Support/Info.plist;
				INSTALL_PATH = "$(LOCAL_LIBRARY_DIR)/Frameworks";
				LD_RUNPATH_SEARCH_PATHS = (
					"$(inherited)",
					"@executable_path/../Frameworks",
					"@loader_path/Frameworks",
				);
				PRODUCT_BUNDLE_IDENTIFIER = com.developermaris.ToolReleases.Core;
				PRODUCT_NAME = "$(TARGET_NAME:c99extidentifier)";
				SKIP_INSTALL = YES;
				SWIFT_VERSION = 5.0;
				VERSION_INFO_PREFIX = "";
			};
			name = Release;
		};
/* End XCBuildConfiguration section */

/* Begin XCConfigurationList section */
		B510D0B3248A344D003FAEC0 /* Build configuration list for PBXNativeTarget "ToolReleasesTests" */ = {
			isa = XCConfigurationList;
			buildConfigurations = (
				B510D0B4248A344D003FAEC0 /* Debug */,
				B510D0B5248A344D003FAEC0 /* Release */,
			);
			defaultConfigurationIsVisible = 0;
			defaultConfigurationName = Release;
		};
		B510D0C7248B756C003FAEC0 /* Build configuration list for PBXNativeTarget "ToolReleasesCoreTests" */ = {
			isa = XCConfigurationList;
			buildConfigurations = (
				B510D0C5248B756C003FAEC0 /* Debug */,
				B510D0C6248B756C003FAEC0 /* Release */,
			);
			defaultConfigurationIsVisible = 0;
			defaultConfigurationName = Release;
		};
		B52A52062412353100DF7F22 /* Build configuration list for PBXProject "ToolReleases" */ = {
			isa = XCConfigurationList;
			buildConfigurations = (
				B52A521C2412353500DF7F22 /* Debug */,
				B52A521D2412353500DF7F22 /* Release */,
			);
			defaultConfigurationIsVisible = 0;
			defaultConfigurationName = Release;
		};
		B52A521E2412353500DF7F22 /* Build configuration list for PBXNativeTarget "ToolReleases" */ = {
			isa = XCConfigurationList;
			buildConfigurations = (
				B52A521F2412353500DF7F22 /* Debug */,
				B52A52202412353500DF7F22 /* Release */,
			);
			defaultConfigurationIsVisible = 0;
			defaultConfigurationName = Release;
		};
		B5D45A4C24544C08007FF637 /* Build configuration list for PBXNativeTarget "ToolReleasesCore" */ = {
			isa = XCConfigurationList;
			buildConfigurations = (
				B5D45A4A24544C08007FF637 /* Debug */,
				B5D45A4B24544C08007FF637 /* Release */,
			);
			defaultConfigurationIsVisible = 0;
			defaultConfigurationName = Release;
		};
/* End XCConfigurationList section */

/* Begin XCRemoteSwiftPackageReference section */
		B5777E77246DA2C8000B4CA9 /* XCRemoteSwiftPackageReference "FeedKit" */ = {
			isa = XCRemoteSwiftPackageReference;
			repositoryURL = "https://github.com/nmdias/FeedKit.git";
			requirement = {
				kind = upToNextMajorVersion;
				minimumVersion = 9.1.2;
			};
		};
		B5EE21202660DDBA0070E302 /* XCRemoteSwiftPackageReference "Sparkle" */ = {
			isa = XCRemoteSwiftPackageReference;
			repositoryURL = "https://github.com/sparkle-project/Sparkle";
			requirement = {
				kind = exactVersion;
				version = 2.0.0;
			};
		};
/* End XCRemoteSwiftPackageReference section */

/* Begin XCSwiftPackageProductDependency section */
		48620E85279C239600A77972 /* Sparkle */ = {
			isa = XCSwiftPackageProductDependency;
			package = B5EE21202660DDBA0070E302 /* XCRemoteSwiftPackageReference "Sparkle" */;
			productName = Sparkle;
		};
		B5777E78246DA2C8000B4CA9 /* FeedKit */ = {
			isa = XCSwiftPackageProductDependency;
			package = B5777E77246DA2C8000B4CA9 /* XCRemoteSwiftPackageReference "FeedKit" */;
			productName = FeedKit;
		};
/* End XCSwiftPackageProductDependency section */
	};
	rootObject = B52A52032412353100DF7F22 /* Project object */;
}
