{
  "object": {
    "pins": [
      {
        "package": "FeedKit",
        "repositoryURL": "https://github.com/nmdias/FeedKit.git",
        "state": {
          "branch": null,
          "revision": "484802c78329e9aa8d7c24fa265d7196622f809a",
          "version": "9.1.1"
        }
      }
    ]
  },
  "version": 1
}
